
Microsoft Visual Studio Solution File, Format Version 12.00
# Visual Studio 15
VisualStudioVersion = 15.0.28307.271
MinimumVisualStudioVersion = 10.0.40219.1
Project("{FAE04EC0-301F-11D3-BF4B-00C04F79EFBC}") = "Arrays1", "Arrays1\Arrays1.csproj", "{A97E7AAC-2E34-4262-915F-608F76540BDC}"
EndProject
Global
	GlobalSection(SolutionConfigurationPlatforms) = preSolution
		Debug|Any CPU = Debug|Any CPU
		Release|Any CPU = Release|Any CPU
	EndGlobalSection
	GlobalSection(ProjectConfigurationPlatforms) = postSolution
		{A97E7AAC-2E34-4262-915F-608F76540BDC}.Debug|Any CPU.ActiveCfg = Debug|Any CPU
		{A97E7AAC-2E34-4262-915F-608F76540BDC}.Debug|Any CPU.Build.0 = Debug|Any CPU
		{A97E7AAC-2E34-4262-915F-608F76540BDC}.Release|Any CPU.ActiveCfg = Release|Any CPU
		{A97E7AAC-2E34-4262-915F-608F76540BDC}.Release|Any CPU.Build.0 = Release|Any CPU
	EndGlobalSection
	GlobalSection(SolutionProperties) = preSolution
		HideSolutionNode = FALSE
	EndGlobalSection
	GlobalSection(ExtensibilityGlobals) = postSolution
		SolutionGuid = {2B19892C-9B41-4DD2-8E33-F0CA334FB4AD}
	EndGlobalSection
EndGlobal
